
Microsoft Visual Studio Solution File, Format Version 12.00
# Visual Studio Version 17
VisualStudioVersion = 17.7.34202.233
MinimumVisualStudioVersion = 10.0.40219.1
Project("{FAE04EC0-301F-11D3-BF4B-00C04F79EFBC}") = "dz11_04", "dz11_04\dz11_04.csproj", "{DFB247B5-3A18-4E1E-A415-863AEEBC7361}"
EndProject
Global
	GlobalSection(SolutionConfigurationPlatforms) = preSolution
		Debug|Any CPU = Debug|Any CPU
		Release|Any CPU = Release|Any CPU
	EndGlobalSection
	GlobalSection(ProjectConfigurationPlatforms) = postSolution
		{DFB247B5-3A18-4E1E-A415-863AEEBC7361}.Debug|Any CPU.ActiveCfg = Debug|Any CPU
		{DFB247B5-3A18-4E1E-A415-863AEEBC7361}.Debug|Any CPU.Build.0 = Debug|Any CPU
		{DFB247B5-3A18-4E1E-A415-863AEEBC7361}.Release|Any CPU.ActiveCfg = Release|Any CPU
		{DFB247B5-3A18-4E1E-A415-863AEEBC7361}.Release|Any CPU.Build.0 = Release|Any CPU
	EndGlobalSection
	GlobalSection(SolutionProperties) = preSolution
		HideSolutionNode = FALSE
	EndGlobalSection
	GlobalSection(ExtensibilityGlobals) = postSolution
		SolutionGuid = {8F965108-767A-4912-9C34-D69C934F85F6}
	EndGlobalSection
EndGlobal
